
Microsoft Visual Studio Solution File, Format Version 12.00
# Visual Studio Version 17
VisualStudioVersion = 17.10.35122.118
MinimumVisualStudioVersion = 10.0.40219.1
Project("{FAE04EC0-301F-11D3-BF4B-00C04F79EFBC}") = "PetManagement", "PetManagement.csproj", "{89CDE015-B849-4BFC-9B6E-E12DD04A0019}"
EndProject
Global
	GlobalSection(SolutionConfigurationPlatforms) = preSolution
		Debug|Any CPU = Debug|Any CPU
		Release|Any CPU = Release|Any CPU
	EndGlobalSection
	GlobalSection(ProjectConfigurationPlatforms) = postSolution
		{89CDE015-B849-4BFC-9B6E-E12DD04A0019}.Debug|Any CPU.ActiveCfg = Debug|Any CPU
		{89CDE015-B849-4BFC-9B6E-E12DD04A0019}.Debug|Any CPU.Build.0 = Debug|Any CPU
		{89CDE015-B849-4BFC-9B6E-E12DD04A0019}.Release|Any CPU.ActiveCfg = Release|Any CPU
		{89CDE015-B849-4BFC-9B6E-E12DD04A0019}.Release|Any CPU.Build.0 = Release|Any CPU
	EndGlobalSection
	GlobalSection(SolutionProperties) = preSolution
		HideSolutionNode = FALSE
	EndGlobalSection
	GlobalSection(ExtensibilityGlobals) = postSolution
		SolutionGuid = {B411E09F-E10F-4724-B4BA-FF2AFC86ED7F}
	EndGlobalSection
EndGlobal
